
Microsoft Visual Studio Solution File, Format Version 10.00
# Visual Studio 2008
Project("{FAE04EC0-301F-11D3-BF4B-00C04F79EFBC}") = "Iron Tower", "Iron Tower\Iron Tower.csproj", "{BDA17C72-4962-4EDB-B3BB-3346153834F9}"
EndProject
Global
	GlobalSection(SolutionConfigurationPlatforms) = preSolution
		Debug|Any CPU = Debug|Any CPU
		Release|Any CPU = Release|Any CPU
	EndGlobalSection
	GlobalSection(ProjectConfigurationPlatforms) = postSolution
		{BDA17C72-4962-4EDB-B3BB-3346153834F9}.Debug|Any CPU.ActiveCfg = Debug|Any CPU
		{BDA17C72-4962-4EDB-B3BB-3346153834F9}.Debug|Any CPU.Build.0 = Debug|Any CPU
		{BDA17C72-4962-4EDB-B3BB-3346153834F9}.Release|Any CPU.ActiveCfg = Release|Any CPU
		{BDA17C72-4962-4EDB-B3BB-3346153834F9}.Release|Any CPU.Build.0 = Release|Any CPU
	EndGlobalSection
	GlobalSection(SolutionProperties) = preSolution
		HideSolutionNode = FALSE
	EndGlobalSection
EndGlobal
